{
  "name": "ast_lesson01",
  "version": "1.0.0",
  "lockfileVersion": 1,
  "requires": true,
  "dependencies": {
    "ast-types": {
      "version": "0.13.2",
      "resolved": "https://registry.npm.taobao.org/ast-types/download/ast-types-0.13.2.tgz",
      "integrity": "sha1-3zm2d6kRqD86BJZE+3T93tI86kg="
    },
    "esprima": {
      "version": "4.0.1",
      "resolved": "https://registry.npm.taobao.org/esprima/download/esprima-4.0.1.tgz?cache=0&other_urls=https%3A%2F%2Fregistry.npm.taobao.org%2Fesprima%2Fdownload%2Fesprima-4.0.1.tgz",
      "integrity": "sha1-E7BM2z5sXRnfkatph6hpVhmwqnE="
    },
    "private": {
      "version": "0.1.8",
      "resolved": "https://registry.npm.taobao.org/private/download/private-0.1.8.tgz",
      "integrity": "sha1-I4Hts2ifelPWUxkAYPz4ItLzaP8="
    },
    "recast": {
      "version": "0.18.2",
      "resolved": "https://registry.npm.taobao.org/recast/download/recast-0.18.2.tgz",
      "integrity": "sha1-raJjZ37ccMRUCMryDmrpkJWP3qg=",
      "requires": {
        "ast-types": "0.13.2",
        "esprima": "~4.0.0",
        "private": "^0.1.8",
        "source-map": "~0.6.1"
      }
    },
    "source-map": {
      "version": "0.6.1",
      "resolved": "https://registry.npm.taobao.org/source-map/download/source-map-0.6.1.tgz",
      "integrity": "sha1-dHIq8y6WFOnCh6jQu95IteLxomM="
    }
  }
}
